// !$*UTF8*$!
{
	archiveVersion = 1;
	classes = {
	};
	objectVersion = 56;
	objects = {

/* Begin PBXBuildFile section */
		DEB49AB92B01EC2700381732 /* AppDelegate.swift in Sources */ = {isa = PBXBuildFile; fileRef = DEB49AB82B01EC2700381732 /* AppDelegate.swift */; };
		DEB49ABB2B01EC2700381732 /* SceneDelegate.swift in Sources */ = {isa = PBXBuildFile; fileRef = DEB49ABA2B01EC2700381732 /* SceneDelegate.swift */; };
		DEB49ABD2B01EC2700381732 /* RandomBeerViewController.swift in Sources */ = {isa = PBXBuildFile; fileRef = DEB49ABC2B01EC2700381732 /* RandomBeerViewController.swift */; };
		DEB49AC22B01EC2800381732 /* Assets.xcassets in Resources */ = {isa = PBXBuildFile; fileRef = DEB49AC12B01EC2800381732 /* Assets.xcassets */; };
		DEB49AC52B01EC2800381732 /* LaunchScreen.storyboard in Resources */ = {isa = PBXBuildFile; fileRef = DEB49AC32B01EC2800381732 /* LaunchScreen.storyboard */; };
		DEB49AD52B01F95100381732 /* SnapKit in Frameworks */ = {isa = PBXBuildFile; productRef = DEB49AD42B01F95100381732 /* SnapKit */; };
		DEB49AD82B01F97000381732 /* RxCocoa in Frameworks */ = {isa = PBXBuildFile; productRef = DEB49AD72B01F97000381732 /* RxCocoa */; };
		DEB49ADA2B01F97000381732 /* RxSwift in Frameworks */ = {isa = PBXBuildFile; productRef = DEB49AD92B01F97000381732 /* RxSwift */; };
		DEB49ADD2B02040A00381732 /* Kingfisher in Frameworks */ = {isa = PBXBuildFile; productRef = DEB49ADC2B02040A00381732 /* Kingfisher */; };
		DEB49AE02B02042600381732 /* Moya in Frameworks */ = {isa = PBXBuildFile; productRef = DEB49ADF2B02042600381732 /* Moya */; };
		DEB49AE22B02042600381732 /* ReactiveMoya in Frameworks */ = {isa = PBXBuildFile; productRef = DEB49AE12B02042600381732 /* ReactiveMoya */; };
		DEB49AE42B02042600381732 /* RxMoya in Frameworks */ = {isa = PBXBuildFile; productRef = DEB49AE32B02042600381732 /* RxMoya */; };
		DEB49AE62B0209C900381732 /* BeerAPI.swift in Sources */ = {isa = PBXBuildFile; fileRef = DEB49AE52B0209C900381732 /* BeerAPI.swift */; };
		DEB49AEA2B020A9F00381732 /* Beer.swift in Sources */ = {isa = PBXBuildFile; fileRef = DEB49AE92B020A9F00381732 /* Beer.swift */; };
		DEB49AEC2B020D1800381732 /* APIManager.swift in Sources */ = {isa = PBXBuildFile; fileRef = DEB49AEB2B020D1800381732 /* APIManager.swift */; };
/* End PBXBuildFile section */

/* Begin PBXFileReference section */
		DEB49AB52B01EC2700381732 /* RxBeer.app */ = {isa = PBXFileReference; explicitFileType = wrapper.application; includeInIndex = 0; path = RxBeer.app; sourceTree = BUILT_PRODUCTS_DIR; };
		DEB49AB82B01EC2700381732 /* AppDelegate.swift */ = {isa = PBXFileReference; lastKnownFileType = sourcecode.swift; path = AppDelegate.swift; sourceTree = "<group>"; };
		DEB49ABA2B01EC2700381732 /* SceneDelegate.swift */ = {isa = PBXFileReference; lastKnownFileType = sourcecode.swift; path = SceneDelegate.swift; sourceTree = "<group>"; };
		DEB49ABC2B01EC2700381732 /* RandomBeerViewController.swift */ = {isa = PBXFileReference; lastKnownFileType = sourcecode.swift; path = RandomBeerViewController.swift; sourceTree = "<group>"; };
		DEB49AC12B01EC2800381732 /* Assets.xcassets */ = {isa = PBXFileReference; lastKnownFileType = folder.assetcatalog; path = Assets.xcassets; sourceTree = "<group>"; };
		DEB49AC42B01EC2800381732 /* Base */ = {isa = PBXFileReference; lastKnownFileType = file.storyboard; name = Base; path = Base.lproj/LaunchScreen.storyboard; sourceTree = "<group>"; };
		DEB49AC62B01EC2800381732 /* Info.plist */ = {isa = PBXFileReference; lastKnownFileType = text.plist.xml; path = Info.plist; sourceTree = "<group>"; };
		DEB49AE52B0209C900381732 /* BeerAPI.swift */ = {isa = PBXFileReference; lastKnownFileType = sourcecode.swift; path = BeerAPI.swift; sourceTree = "<group>"; };
		DEB49AE92B020A9F00381732 /* Beer.swift */ = {isa = PBXFileReference; lastKnownFileType = sourcecode.swift; path = Beer.swift; sourceTree = "<group>"; };
		DEB49AEB2B020D1800381732 /* APIManager.swift */ = {isa = PBXFileReference; lastKnownFileType = sourcecode.swift; path = APIManager.swift; sourceTree = "<group>"; };
/* End PBXFileReference section */

/* Begin PBXFrameworksBuildPhase section */
		DEB49AB22B01EC2700381732 /* Frameworks */ = {
			isa = PBXFrameworksBuildPhase;
			buildActionMask = 2147483647;
			files = (
				DEB49ADD2B02040A00381732 /* Kingfisher in Frameworks */,
				DEB49ADA2B01F97000381732 /* RxSwift in Frameworks */,
				DEB49AD82B01F97000381732 /* RxCocoa in Frameworks */,
				DEB49AE02B02042600381732 /* Moya in Frameworks */,
				DEB49AE42B02042600381732 /* RxMoya in Frameworks */,
				DEB49AD52B01F95100381732 /* SnapKit in Frameworks */,
				DEB49AE22B02042600381732 /* ReactiveMoya in Frameworks */,
			);
			runOnlyForDeploymentPostprocessing = 0;
		};
/* End PBXFrameworksBuildPhase section */

/* Begin PBXGroup section */
		DEB49AAC2B01EC2700381732 = {
			isa = PBXGroup;
			children = (
				DEB49AB72B01EC2700381732 /* RxBeer */,
				DEB49AB62B01EC2700381732 /* Products */,
			);
			sourceTree = "<group>";
		};
		DEB49AB62B01EC2700381732 /* Products */ = {
			isa = PBXGroup;
			children = (
				DEB49AB52B01EC2700381732 /* RxBeer.app */,
			);
			name = Products;
			sourceTree = "<group>";
		};
		DEB49AB72B01EC2700381732 /* RxBeer */ = {
			isa = PBXGroup;
			children = (
				DEB49ACC2B01ED5E00381732 /* Application */,
				DEB49ACD2B01ED6500381732 /* Resource */,
				DEB49ACE2B01ED7300381732 /* Source */,
				DEB49AC62B01EC2800381732 /* Info.plist */,
			);
			path = RxBeer;
			sourceTree = "<group>";
		};
		DEB49ACC2B01ED5E00381732 /* Application */ = {
			isa = PBXGroup;
			children = (
				DEB49AB82B01EC2700381732 /* AppDelegate.swift */,
				DEB49ABA2B01EC2700381732 /* SceneDelegate.swift */,
			);
			path = Application;
			sourceTree = "<group>";
		};
		DEB49ACD2B01ED6500381732 /* Resource */ = {
			isa = PBXGroup;
			children = (
				DEB49AC32B01EC2800381732 /* LaunchScreen.storyboard */,
				DEB49AC12B01EC2800381732 /* Assets.xcassets */,
			);
			path = Resource;
			sourceTree = "<group>";
		};
		DEB49ACE2B01ED7300381732 /* Source */ = {
			isa = PBXGroup;
			children = (
				DEB49ACF2B01F10A00381732 /* Model */,
				DEB49AD12B01F12300381732 /* Network */,
				DEB49AD02B01F11000381732 /* Presentation */,
			);
			path = Source;
			sourceTree = "<group>";
		};
		DEB49ACF2B01F10A00381732 /* Model */ = {
			isa = PBXGroup;
			children = (
				DEB49AE92B020A9F00381732 /* Beer.swift */,
			);
			path = Model;
			sourceTree = "<group>";
		};
		DEB49AD02B01F11000381732 /* Presentation */ = {
			isa = PBXGroup;
			children = (
				DEB49AD22B01F13200381732 /* Random */,
			);
			path = Presentation;
			sourceTree = "<group>";
		};
		DEB49AD12B01F12300381732 /* Network */ = {
			isa = PBXGroup;
			children = (
				DEB49AE52B0209C900381732 /* BeerAPI.swift */,
				DEB49AEB2B020D1800381732 /* APIManager.swift */,
			);
			path = Network;
			sourceTree = "<group>";
		};
		DEB49AD22B01F13200381732 /* Random */ = {
			isa = PBXGroup;
			children = (
				DEB49ABC2B01EC2700381732 /* RandomBeerViewController.swift */,
			);
			path = Random;
			sourceTree = "<group>";
		};
/* End PBXGroup section */

/* Begin PBXNativeTarget section */
		DEB49AB42B01EC2700381732 /* RxBeer */ = {
			isa = PBXNativeTarget;
			buildConfigurationList = DEB49AC92B01EC2800381732 /* Build configuration list for PBXNativeTarget "RxBeer" */;
			buildPhases = (
				DEB49AB12B01EC2700381732 /* Sources */,
				DEB49AB22B01EC2700381732 /* Frameworks */,
				DEB49AB32B01EC2700381732 /* Resources */,
			);
			buildRules = (
			);
			dependencies = (
			);
			name = RxBeer;
			packageProductDependencies = (
				DEB49AD42B01F95100381732 /* SnapKit */,
				DEB49AD72B01F97000381732 /* RxCocoa */,
				DEB49AD92B01F97000381732 /* RxSwift */,
				DEB49ADC2B02040A00381732 /* Kingfisher */,
				DEB49ADF2B02042600381732 /* Moya */,
				DEB49AE12B02042600381732 /* ReactiveMoya */,
				DEB49AE32B02042600381732 /* RxMoya */,
			);
			productName = RxBeer;
			productReference = DEB49AB52B01EC2700381732 /* RxBeer.app */;
			productType = "com.apple.product-type.application";
		};
/* End PBXNativeTarget section */

/* Begin PBXProject section */
		DEB49AAD2B01EC2700381732 /* Project object */ = {
			isa = PBXProject;
			attributes = {
				BuildIndependentTargetsInParallel = 1;
				LastSwiftUpdateCheck = 1500;
				LastUpgradeCheck = 1500;
				TargetAttributes = {
					DEB49AB42B01EC2700381732 = {
						CreatedOnToolsVersion = 15.0.1;
					};
				};
			};
			buildConfigurationList = DEB49AB02B01EC2700381732 /* Build configuration list for PBXProject "RxBeer" */;
			compatibilityVersion = "Xcode 14.0";
			developmentRegion = en;
			hasScannedForEncodings = 0;
			knownRegions = (
				en,
				Base,
			);
			mainGroup = DEB49AAC2B01EC2700381732;
			packageReferences = (
				DEB49AD32B01F95100381732 /* XCRemoteSwiftPackageReference "SnapKit" */,
				DEB49AD62B01F97000381732 /* XCRemoteSwiftPackageReference "RxSwift" */,
				DEB49ADB2B02040A00381732 /* XCRemoteSwiftPackageReference "Kingfisher" */,
				DEB49ADE2B02042600381732 /* XCRemoteSwiftPackageReference "Moya" */,
			);
			productRefGroup = DEB49AB62B01EC2700381732 /* Products */;
			projectDirPath = "";
			projectRoot = "";
			targets = (
				DEB49AB42B01EC2700381732 /* RxBeer */,
			);
		};
/* End PBXProject section */

/* Begin PBXResourcesBuildPhase section */
		DEB49AB32B01EC2700381732 /* Resources */ = {
			isa = PBXResourcesBuildPhase;
			buildActionMask = 2147483647;
			files = (
				DEB49AC52B01EC2800381732 /* LaunchScreen.storyboard in Resources */,
				DEB49AC22B01EC2800381732 /* Assets.xcassets in Resources */,
			);
			runOnlyForDeploymentPostprocessing = 0;
		};
/* End PBXResourcesBuildPhase section */

/* Begin PBXSourcesBuildPhase section */
		DEB49AB12B01EC2700381732 /* Sources */ = {
			isa = PBXSourcesBuildPhase;
			buildActionMask = 2147483647;
			files = (
				DEB49AEC2B020D1800381732 /* APIManager.swift in Sources */,
				DEB49AE62B0209C900381732 /* BeerAPI.swift in Sources */,
				DEB49ABD2B01EC2700381732 /* RandomBeerViewController.swift in Sources */,
				DEB49AEA2B020A9F00381732 /* Beer.swift in Sources */,
				DEB49AB92B01EC2700381732 /* AppDelegate.swift in Sources */,
				DEB49ABB2B01EC2700381732 /* SceneDelegate.swift in Sources */,
			);
			runOnlyForDeploymentPostprocessing = 0;
		};
/* End PBXSourcesBuildPhase section */

/* Begin PBXVariantGroup section */
		DEB49AC32B01EC2800381732 /* LaunchScreen.storyboard */ = {
			isa = PBXVariantGroup;
			children = (
				DEB49AC42B01EC2800381732 /* Base */,
			);
			name = LaunchScreen.storyboard;
			sourceTree = "<group>";
		};
/* End PBXVariantGroup section */

/* Begin XCBuildConfiguration section */
		DEB49AC72B01EC2800381732 /* Debug */ = {
			isa = XCBuildConfiguration;
			buildSettings = {
				ALWAYS_SEARCH_USER_PATHS = NO;
				ASSETCATALOG_COMPILER_GENERATE_SWIFT_ASSET_SYMBOL_EXTENSIONS = YES;
				CLANG_ANALYZER_NONNULL = YES;
				CLANG_ANALYZER_NUMBER_OBJECT_CONVERSION = YES_AGGRESSIVE;
				CLANG_CXX_LANGUAGE_STANDARD = "gnu++20";
				CLANG_ENABLE_MODULES = YES;
				CLANG_ENABLE_OBJC_ARC = YES;
				CLANG_ENABLE_OBJC_WEAK = YES;
				CLANG_WARN_BLOCK_CAPTURE_AUTORELEASING = YES;
				CLANG_WARN_BOOL_CONVERSION = YES;
				CLANG_WARN_COMMA = YES;
				CLANG_WARN_CONSTANT_CONVERSION = YES;
				CLANG_WARN_DEPRECATED_OBJC_IMPLEMENTATIONS = YES;
				CLANG_WARN_DIRECT_OBJC_ISA_USAGE = YES_ERROR;
				CLANG_WARN_DOCUMENTATION_COMMENTS = YES;
				CLANG_WARN_EMPTY_BODY = YES;
				CLANG_WARN_ENUM_CONVERSION = YES;
				CLANG_WARN_INFINITE_RECURSION = YES;
				CLANG_WARN_INT_CONVERSION = YES;
				CLANG_WARN_NON_LITERAL_NULL_CONVERSION = YES;
				CLANG_WARN_OBJC_IMPLICIT_RETAIN_SELF = YES;
				CLANG_WARN_OBJC_LITERAL_CONVERSION = YES;
				CLANG_WARN_OBJC_ROOT_CLASS = YES_ERROR;
				CLANG_WARN_QUOTED_INCLUDE_IN_FRAMEWORK_HEADER = YES;
				CLANG_WARN_RANGE_LOOP_ANALYSIS = YES;
				CLANG_WARN_STRICT_PROTOTYPES = YES;
				CLANG_WARN_SUSPICIOUS_MOVE = YES;
				CLANG_WARN_UNGUARDED_AVAILABILITY = YES_AGGRESSIVE;
				CLANG_WARN_UNREACHABLE_CODE = YES;
				CLANG_WARN__DUPLICATE_METHOD_MATCH = YES;
				COPY_PHASE_STRIP = NO;
				DEBUG_INFORMATION_FORMAT = dwarf;
				ENABLE_STRICT_OBJC_MSGSEND = YES;
				ENABLE_TESTABILITY = YES;
				ENABLE_USER_SCRIPT_SANDBOXING = YES;
				GCC_C_LANGUAGE_STANDARD = gnu17;
				GCC_DYNAMIC_NO_PIC = NO;
				GCC_NO_COMMON_BLOCKS = YES;
				GCC_OPTIMIZATION_LEVEL = 0;
				GCC_PREPROCESSOR_DEFINITIONS = (
					"DEBUG=1",
					"$(inherited)",
				);
				GCC_WARN_64_TO_32_BIT_CONVERSION = YES;
				GCC_WARN_ABOUT_RETURN_TYPE = YES_ERROR;
				GCC_WARN_UNDECLARED_SELECTOR = YES;
				GCC_WARN_UNINITIALIZED_AUTOS = YES_AGGRESSIVE;
				GCC_WARN_UNUSED_FUNCTION = YES;
				GCC_WARN_UNUSED_VARIABLE = YES;
				IPHONEOS_DEPLOYMENT_TARGET = 17.0;
				LOCALIZATION_PREFERS_STRING_CATALOGS = YES;
				MTL_ENABLE_DEBUG_INFO = INCLUDE_SOURCE;
				MTL_FAST_MATH = YES;
				ONLY_ACTIVE_ARCH = YES;
				SDKROOT = iphoneos;
				SWIFT_ACTIVE_COMPILATION_CONDITIONS = "DEBUG $(inherited)";
				SWIFT_OPTIMIZATION_LEVEL = "-Onone";
			};
			name = Debug;
		};
		DEB49AC82B01EC2800381732 /* Release */ = {
			isa = XCBuildConfiguration;
			buildSettings = {
				ALWAYS_SEARCH_USER_PATHS = NO;
				ASSETCATALOG_COMPILER_GENERATE_SWIFT_ASSET_SYMBOL_EXTENSIONS = YES;
				CLANG_ANALYZER_NONNULL = YES;
				CLANG_ANALYZER_NUMBER_OBJECT_CONVERSION = YES_AGGRESSIVE;
				CLANG_CXX_LANGUAGE_STANDARD = "gnu++20";
				CLANG_ENABLE_MODULES = YES;
				CLANG_ENABLE_OBJC_ARC = YES;
				CLANG_ENABLE_OBJC_WEAK = YES;
				CLANG_WARN_BLOCK_CAPTURE_AUTORELEASING = YES;
				CLANG_WARN_BOOL_CONVERSION = YES;
				CLANG_WARN_COMMA = YES;
				CLANG_WARN_CONSTANT_CONVERSION = YES;
				CLANG_WARN_DEPRECATED_OBJC_IMPLEMENTATIONS = YES;
				CLANG_WARN_DIRECT_OBJC_ISA_USAGE = YES_ERROR;
				CLANG_WARN_DOCUMENTATION_COMMENTS = YES;
				CLANG_WARN_EMPTY_BODY = YES;
				CLANG_WARN_ENUM_CONVERSION = YES;
				CLANG_WARN_INFINITE_RECURSION = YES;
				CLANG_WARN_INT_CONVERSION = YES;
				CLANG_WARN_NON_LITERAL_NULL_CONVERSION = YES;
				CLANG_WARN_OBJC_IMPLICIT_RETAIN_SELF = YES;
				CLANG_WARN_OBJC_LITERAL_CONVERSION = YES;
				CLANG_WARN_OBJC_ROOT_CLASS = YES_ERROR;
				CLANG_WARN_QUOTED_INCLUDE_IN_FRAMEWORK_HEADER = YES;
				CLANG_WARN_RANGE_LOOP_ANALYSIS = YES;
				CLANG_WARN_STRICT_PROTOTYPES = YES;
				CLANG_WARN_SUSPICIOUS_MOVE = YES;
				CLANG_WARN_UNGUARDED_AVAILABILITY = YES_AGGRESSIVE;
				CLANG_WARN_UNREACHABLE_CODE = YES;
				CLANG_WARN__DUPLICATE_METHOD_MATCH = YES;
				COPY_PHASE_STRIP = NO;
				DEBUG_INFORMATION_FORMAT = "dwarf-with-dsym";
				ENABLE_NS_ASSERTIONS = NO;
				ENABLE_STRICT_OBJC_MSGSEND = YES;
				ENABLE_USER_SCRIPT_SANDBOXING = YES;
				GCC_C_LANGUAGE_STANDARD = gnu17;
				GCC_NO_COMMON_BLOCKS = YES;
				GCC_WARN_64_TO_32_BIT_CONVERSION = YES;
				GCC_WARN_ABOUT_RETURN_TYPE = YES_ERROR;
				GCC_WARN_UNDECLARED_SELECTOR = YES;
				GCC_WARN_UNINITIALIZED_AUTOS = YES_AGGRESSIVE;
				GCC_WARN_UNUSED_FUNCTION = YES;
				GCC_WARN_UNUSED_VARIABLE = YES;
				IPHONEOS_DEPLOYMENT_TARGET = 17.0;
				LOCALIZATION_PREFERS_STRING_CATALOGS = YES;
				MTL_ENABLE_DEBUG_INFO = NO;
				MTL_FAST_MATH = YES;
				SDKROOT = iphoneos;
				SWIFT_COMPILATION_MODE = wholemodule;
				VALIDATE_PRODUCT = YES;
			};
			name = Release;
		};
		DEB49ACA2B01EC2800381732 /* Debug */ = {
			isa = XCBuildConfiguration;
			buildSettings = {
				ASSETCATALOG_COMPILER_APPICON_NAME = AppIcon;
				ASSETCATALOG_COMPILER_GLOBAL_ACCENT_COLOR_NAME = AccentColor;
				CODE_SIGN_STYLE = Automatic;
				CURRENT_PROJECT_VERSION = 1;
				DEVELOPMENT_TEAM = 94879TT8BU;
				GENERATE_INFOPLIST_FILE = YES;
				INFOPLIST_FILE = RxBeer/Info.plist;
				INFOPLIST_KEY_UIApplicationSupportsIndirectInputEvents = YES;
				INFOPLIST_KEY_UILaunchStoryboardName = LaunchScreen;
				INFOPLIST_KEY_UISupportedInterfaceOrientations_iPad = "UIInterfaceOrientationPortrait UIInterfaceOrientationPortraitUpsideDown UIInterfaceOrientationLandscapeLeft UIInterfaceOrientationLandscapeRight";
				INFOPLIST_KEY_UISupportedInterfaceOrientations_iPhone = "UIInterfaceOrientationPortrait UIInterfaceOrientationLandscapeLeft UIInterfaceOrientationLandscapeRight";
				LD_RUNPATH_SEARCH_PATHS = (
					"$(inherited)",
					"@executable_path/Frameworks",
				);
				MARKETING_VERSION = 1.0;
				PRODUCT_BUNDLE_IDENTIFIER = com.chaewon.RxBeer;
				PRODUCT_NAME = "$(TARGET_NAME)";
				SWIFT_EMIT_LOC_STRINGS = YES;
				SWIFT_VERSION = 5.0;
				TARGETED_DEVICE_FAMILY = "1,2";
			};
			name = Debug;
		};
		DEB49ACB2B01EC2800381732 /* Release */ = {
			isa = XCBuildConfiguration;
			buildSettings = {
				ASSETCATALOG_COMPILER_APPICON_NAME = AppIcon;
				ASSETCATALOG_COMPILER_GLOBAL_ACCENT_COLOR_NAME = AccentColor;
				CODE_SIGN_STYLE = Automatic;
				CURRENT_PROJECT_VERSION = 1;
				DEVELOPMENT_TEAM = 94879TT8BU;
				GENERATE_INFOPLIST_FILE = YES;
				INFOPLIST_FILE = RxBeer/Info.plist;
				INFOPLIST_KEY_UIApplicationSupportsIndirectInputEvents = YES;
				INFOPLIST_KEY_UILaunchStoryboardName = LaunchScreen;
				INFOPLIST_KEY_UISupportedInterfaceOrientations_iPad = "UIInterfaceOrientationPortrait UIInterfaceOrientationPortraitUpsideDown UIInterfaceOrientationLandscapeLeft UIInterfaceOrientationLandscapeRight";
				INFOPLIST_KEY_UISupportedInterfaceOrientations_iPhone = "UIInterfaceOrientationPortrait UIInterfaceOrientationLandscapeLeft UIInterfaceOrientationLandscapeRight";
				LD_RUNPATH_SEARCH_PATHS = (
					"$(inherited)",
					"@executable_path/Frameworks",
				);
				MARKETING_VERSION = 1.0;
				PRODUCT_BUNDLE_IDENTIFIER = com.chaewon.RxBeer;
				PRODUCT_NAME = "$(TARGET_NAME)";
				SWIFT_EMIT_LOC_STRINGS = YES;
				SWIFT_VERSION = 5.0;
				TARGETED_DEVICE_FAMILY = "1,2";
			};
			name = Release;
		};
/* End XCBuildConfiguration section */

/* Begin XCConfigurationList section */
		DEB49AB02B01EC2700381732 /* Build configuration list for PBXProject "RxBeer" */ = {
			isa = XCConfigurationList;
			buildConfigurations = (
				DEB49AC72B01EC2800381732 /* Debug */,
				DEB49AC82B01EC2800381732 /* Release */,
			);
			defaultConfigurationIsVisible = 0;
			defaultConfigurationName = Release;
		};
		DEB49AC92B01EC2800381732 /* Build configuration list for PBXNativeTarget "RxBeer" */ = {
			isa = XCConfigurationList;
			buildConfigurations = (
				DEB49ACA2B01EC2800381732 /* Debug */,
				DEB49ACB2B01EC2800381732 /* Release */,
			);
			defaultConfigurationIsVisible = 0;
			defaultConfigurationName = Release;
		};
/* End XCConfigurationList section */

/* Begin XCRemoteSwiftPackageReference section */
		DEB49AD32B01F95100381732 /* XCRemoteSwiftPackageReference "SnapKit" */ = {
			isa = XCRemoteSwiftPackageReference;
			repositoryURL = "https://github.com/SnapKit/SnapKit.git";
			requirement = {
				kind = upToNextMajorVersion;
				minimumVersion = 5.6.0;
			};
		};
		DEB49AD62B01F97000381732 /* XCRemoteSwiftPackageReference "RxSwift" */ = {
			isa = XCRemoteSwiftPackageReference;
			repositoryURL = "https://github.com/ReactiveX/RxSwift.git";
			requirement = {
				kind = upToNextMajorVersion;
				minimumVersion = 6.6.0;
			};
		};
		DEB49ADB2B02040A00381732 /* XCRemoteSwiftPackageReference "Kingfisher" */ = {
			isa = XCRemoteSwiftPackageReference;
			repositoryURL = "https://github.com/onevcat/Kingfisher.git";
			requirement = {
				kind = upToNextMajorVersion;
				minimumVersion = 7.10.0;
			};
		};
		DEB49ADE2B02042600381732 /* XCRemoteSwiftPackageReference "Moya" */ = {
			isa = XCRemoteSwiftPackageReference;
			repositoryURL = "https://github.com/Moya/Moya.git";
			requirement = {
				kind = upToNextMajorVersion;
				minimumVersion = 15.0.3;
			};
		};
/* End XCRemoteSwiftPackageReference section */

/* Begin XCSwiftPackageProductDependency section */
		DEB49AD42B01F95100381732 /* SnapKit */ = {
			isa = XCSwiftPackageProductDependency;
			package = DEB49AD32B01F95100381732 /* XCRemoteSwiftPackageReference "SnapKit" */;
			productName = SnapKit;
		};
		DEB49AD72B01F97000381732 /* RxCocoa */ = {
			isa = XCSwiftPackageProductDependency;
			package = DEB49AD62B01F97000381732 /* XCRemoteSwiftPackageReference "RxSwift" */;
			productName = RxCocoa;
		};
		DEB49AD92B01F97000381732 /* RxSwift */ = {
			isa = XCSwiftPackageProductDependency;
			package = DEB49AD62B01F97000381732 /* XCRemoteSwiftPackageReference "RxSwift" */;
			productName = RxSwift;
		};
		DEB49ADC2B02040A00381732 /* Kingfisher */ = {
			isa = XCSwiftPackageProductDependency;
			package = DEB49ADB2B02040A00381732 /* XCRemoteSwiftPackageReference "Kingfisher" */;
			productName = Kingfisher;
		};
		DEB49ADF2B02042600381732 /* Moya */ = {
			isa = XCSwiftPackageProductDependency;
			package = DEB49ADE2B02042600381732 /* XCRemoteSwiftPackageReference "Moya" */;
			productName = Moya;
		};
		DEB49AE12B02042600381732 /* ReactiveMoya */ = {
			isa = XCSwiftPackageProductDependency;
			package = DEB49ADE2B02042600381732 /* XCRemoteSwiftPackageReference "Moya" */;
			productName = ReactiveMoya;
		};
		DEB49AE32B02042600381732 /* RxMoya */ = {
			isa = XCSwiftPackageProductDependency;
			package = DEB49ADE2B02042600381732 /* XCRemoteSwiftPackageReference "Moya" */;
			productName = RxMoya;
		};
/* End XCSwiftPackageProductDependency section */
	};
	rootObject = DEB49AAD2B01EC2700381732 /* Project object */;
}
